
Microsoft Visual Studio Solution File, Format Version 12.00
# Visual Studio Version 17
VisualStudioVersion = 17.5.002.0
MinimumVisualStudioVersion = 10.0.40219.1
Project("{9A19103F-16F7-4668-BE54-9A1E7A4F7556}") = "OwnRpg.Part5", "OwnRpg.Part5.csproj", "{D668B5F1-B309-40F2-B4CB-0BD43E4013DA}"
EndProject
Global
	GlobalSection(SolutionConfigurationPlatforms) = preSolution
		Debug|Any CPU = Debug|Any CPU
		Release|Any CPU = Release|Any CPU
	EndGlobalSection
	GlobalSection(ProjectConfigurationPlatforms) = postSolution
		{D668B5F1-B309-40F2-B4CB-0BD43E4013DA}.Debug|Any CPU.ActiveCfg = Debug|Any CPU
		{D668B5F1-B309-40F2-B4CB-0BD43E4013DA}.Debug|Any CPU.Build.0 = Debug|Any CPU
		{D668B5F1-B309-40F2-B4CB-0BD43E4013DA}.Release|Any CPU.ActiveCfg = Release|Any CPU
		{D668B5F1-B309-40F2-B4CB-0BD43E4013DA}.Release|Any CPU.Build.0 = Release|Any CPU
	EndGlobalSection
	GlobalSection(SolutionProperties) = preSolution
		HideSolutionNode = FALSE
	EndGlobalSection
	GlobalSection(ExtensibilityGlobals) = postSolution
		SolutionGuid = {791D4235-63E3-4764-BC92-2E20DC2F3CD0}
	EndGlobalSection
EndGlobal
