
Microsoft Visual Studio Solution File, Format Version 12.00
# Visual Studio Version 17
VisualStudioVersion = 17.5.002.0
MinimumVisualStudioVersion = 10.0.40219.1
Project("{9A19103F-16F7-4668-BE54-9A1E7A4F7556}") = "MyFirstDotnetProject", "MyFirstDotnetProject.csproj", "{9D825AF1-9CE1-4C77-B546-C3711B344A05}"
EndProject
Global
	GlobalSection(SolutionConfigurationPlatforms) = preSolution
		Debug|Any CPU = Debug|Any CPU
		Release|Any CPU = Release|Any CPU
	EndGlobalSection
	GlobalSection(ProjectConfigurationPlatforms) = postSolution
		{9D825AF1-9CE1-4C77-B546-C3711B344A05}.Debug|Any CPU.ActiveCfg = Debug|Any CPU
		{9D825AF1-9CE1-4C77-B546-C3711B344A05}.Debug|Any CPU.Build.0 = Debug|Any CPU
		{9D825AF1-9CE1-4C77-B546-C3711B344A05}.Release|Any CPU.ActiveCfg = Release|Any CPU
		{9D825AF1-9CE1-4C77-B546-C3711B344A05}.Release|Any CPU.Build.0 = Release|Any CPU
	EndGlobalSection
	GlobalSection(SolutionProperties) = preSolution
		HideSolutionNode = FALSE
	EndGlobalSection
	GlobalSection(ExtensibilityGlobals) = postSolution
		SolutionGuid = {A0A94D5F-DA37-4837-9DCD-6A75DC9CE6B5}
	EndGlobalSection
EndGlobal
